
Microsoft Visual Studio Solution File, Format Version 12.00
# Visual Studio 15
VisualStudioVersion = 15.0.26430.6
MinimumVisualStudioVersion = 10.0.40219.1
Project("{2150E333-8FDC-42A3-9474-1A3956D46DE8}") = "Engine", "Engine", "{0FF7DF72-820F-47C3-AB3D-F6CF71FF8AE7}"
EndProject
Project("{2150E333-8FDC-42A3-9474-1A3956D46DE8}") = "Games", "Games", "{44D95841-5A1B-4BD9-BD38-A2B69259728F}"
EndProject
Project("{8BC9CEB8-8B4A-11D0-8D11-00A0C91BC942}") = "UE4", "Intermediate\ProjectFiles\UE4.vcxproj", "{A0B5D642-D6DA-46AE-BC2F-02D6C3D034AF}"
EndProject
Project("{8BC9CEB8-8B4A-11D0-8D11-00A0C91BC942}") = "BuildingEscape", "Intermediate\ProjectFiles\BuildingEscape.vcxproj", "{655F5588-5C67-4824-9501-4300AFCC4C40}"
EndProject
Global
	GlobalSection(SolutionConfigurationPlatforms) = preSolution
		DebugGame Editor|Win32 = DebugGame Editor|Win32
		DebugGame Editor|Win64 = DebugGame Editor|Win64
		DebugGame|Win32 = DebugGame|Win32
		DebugGame|Win64 = DebugGame|Win64
		Development Editor|Win32 = Development Editor|Win32
		Development Editor|Win64 = Development Editor|Win64
		Development|Win32 = Development|Win32
		Development|Win64 = Development|Win64
		Shipping|Win32 = Shipping|Win32
		Shipping|Win64 = Shipping|Win64
	EndGlobalSection
	GlobalSection(ProjectConfigurationPlatforms) = postSolution
		{A0B5D642-D6DA-46AE-BC2F-02D6C3D034AF}.DebugGame Editor|Win32.ActiveCfg = BuiltWithUnrealBuildTool|Win32
		{A0B5D642-D6DA-46AE-BC2F-02D6C3D034AF}.DebugGame Editor|Win32.Build.0 = BuiltWithUnrealBuildTool|Win32
		{A0B5D642-D6DA-46AE-BC2F-02D6C3D034AF}.DebugGame Editor|Win64.ActiveCfg = BuiltWithUnrealBuildTool|Win32
		{A0B5D642-D6DA-46AE-BC2F-02D6C3D034AF}.DebugGame Editor|Win64.Build.0 = BuiltWithUnrealBuildTool|Win32
		{A0B5D642-D6DA-46AE-BC2F-02D6C3D034AF}.DebugGame|Win32.ActiveCfg = BuiltWithUnrealBuildTool|Win32
		{A0B5D642-D6DA-46AE-BC2F-02D6C3D034AF}.DebugGame|Win32.Build.0 = BuiltWithUnrealBuildTool|Win32
		{A0B5D642-D6DA-46AE-BC2F-02D6C3D034AF}.DebugGame|Win64.ActiveCfg = BuiltWithUnrealBuildTool|Win32
		{A0B5D642-D6DA-46AE-BC2F-02D6C3D034AF}.DebugGame|Win64.Build.0 = BuiltWithUnrealBuildTool|Win32
		{A0B5D642-D6DA-46AE-BC2F-02D6C3D034AF}.Development Editor|Win32.ActiveCfg = BuiltWithUnrealBuildTool|Win32
		{A0B5D642-D6DA-46AE-BC2F-02D6C3D034AF}.Development Editor|Win32.Build.0 = BuiltWithUnrealBuildTool|Win32
		{A0B5D642-D6DA-46AE-BC2F-02D6C3D034AF}.Development Editor|Win64.ActiveCfg = BuiltWithUnrealBuildTool|Win32
		{A0B5D642-D6DA-46AE-BC2F-02D6C3D034AF}.Development Editor|Win64.Build.0 = BuiltWithUnrealBuildTool|Win32
		{A0B5D642-D6DA-46AE-BC2F-02D6C3D034AF}.Development|Win32.ActiveCfg = BuiltWithUnrealBuildTool|Win32
		{A0B5D642-D6DA-46AE-BC2F-02D6C3D034AF}.Development|Win32.Build.0 = BuiltWithUnrealBuildTool|Win32
		{A0B5D642-D6DA-46AE-BC2F-02D6C3D034AF}.Development|Win64.ActiveCfg = BuiltWithUnrealBuildTool|Win32
		{A0B5D642-D6DA-46AE-BC2F-02D6C3D034AF}.Development|Win64.Build.0 = BuiltWithUnrealBuildTool|Win32
		{A0B5D642-D6DA-46AE-BC2F-02D6C3D034AF}.Shipping|Win32.ActiveCfg = BuiltWithUnrealBuildTool|Win32
		{A0B5D642-D6DA-46AE-BC2F-02D6C3D034AF}.Shipping|Win32.Build.0 = BuiltWithUnrealBuildTool|Win32
		{A0B5D642-D6DA-46AE-BC2F-02D6C3D034AF}.Shipping|Win64.ActiveCfg = BuiltWithUnrealBuildTool|Win32
		{A0B5D642-D6DA-46AE-BC2F-02D6C3D034AF}.Shipping|Win64.Build.0 = BuiltWithUnrealBuildTool|Win32
		{655F5588-5C67-4824-9501-4300AFCC4C40}.DebugGame Editor|Win32.ActiveCfg = DebugGame_Editor|Win32
		{655F5588-5C67-4824-9501-4300AFCC4C40}.DebugGame Editor|Win64.ActiveCfg = DebugGame_Editor|x64
		{655F5588-5C67-4824-9501-4300AFCC4C40}.DebugGame Editor|Win64.Build.0 = DebugGame_Editor|x64
		{655F5588-5C67-4824-9501-4300AFCC4C40}.DebugGame|Win32.ActiveCfg = DebugGame_Game|Win32
		{655F5588-5C67-4824-9501-4300AFCC4C40}.DebugGame|Win32.Build.0 = DebugGame_Game|Win32
		{655F5588-5C67-4824-9501-4300AFCC4C40}.DebugGame|Win64.ActiveCfg = DebugGame_Game|x64
		{655F5588-5C67-4824-9501-4300AFCC4C40}.DebugGame|Win64.Build.0 = DebugGame_Game|x64
		{655F5588-5C67-4824-9501-4300AFCC4C40}.Development Editor|Win32.ActiveCfg = Development_Editor|Win32
		{655F5588-5C67-4824-9501-4300AFCC4C40}.Development Editor|Win64.ActiveCfg = Development_Editor|x64
		{655F5588-5C67-4824-9501-4300AFCC4C40}.Development Editor|Win64.Build.0 = Development_Editor|x64
		{655F5588-5C67-4824-9501-4300AFCC4C40}.Development|Win32.ActiveCfg = Development_Game|Win32
		{655F5588-5C67-4824-9501-4300AFCC4C40}.Development|Win32.Build.0 = Development_Game|Win32
		{655F5588-5C67-4824-9501-4300AFCC4C40}.Development|Win64.ActiveCfg = Development_Game|x64
		{655F5588-5C67-4824-9501-4300AFCC4C40}.Development|Win64.Build.0 = Development_Game|x64
		{655F5588-5C67-4824-9501-4300AFCC4C40}.Shipping|Win32.ActiveCfg = Shipping_Game|Win32
		{655F5588-5C67-4824-9501-4300AFCC4C40}.Shipping|Win32.Build.0 = Shipping_Game|Win32
		{655F5588-5C67-4824-9501-4300AFCC4C40}.Shipping|Win64.ActiveCfg = Shipping_Game|x64
		{655F5588-5C67-4824-9501-4300AFCC4C40}.Shipping|Win64.Build.0 = Shipping_Game|x64
	EndGlobalSection
	GlobalSection(SolutionProperties) = preSolution
		HideSolutionNode = FALSE
	EndGlobalSection
	GlobalSection(NestedProjects) = preSolution
		{A0B5D642-D6DA-46AE-BC2F-02D6C3D034AF} = {0FF7DF72-820F-47C3-AB3D-F6CF71FF8AE7}
		{655F5588-5C67-4824-9501-4300AFCC4C40} = {44D95841-5A1B-4BD9-BD38-A2B69259728F}
	EndGlobalSection
EndGlobal
